{
  "name": "use_this_folder_only_for_nodejs",
  "version": "1.0.0",
  "lockfileVersion": 1,
  "requires": true,
  "dependencies": {
    "localStorage": {
      "version": "1.0.4",
      "resolved": "https://registry.npmjs.org/localStorage/-/localStorage-1.0.4.tgz",
      "integrity": "sha512-r35zrihcDiX+dqWlJSeIwS9nrF95OQTgqMFm3FB2D/+XgdmZtcutZOb7t0xXkhOEM8a9kpuu7cc28g1g36I5DQ=="
    },
    "storage": {
      "version": "0.2.0",
      "resolved": "https://registry.npmjs.org/storage/-/storage-0.2.0.tgz",
      "integrity": "sha512-JslWQU/kNJE/rBfTdlAlZo6r1m5biRszJFqU6W/x5FzUuSHSiCaDXolzwSwvUJOLShHWCjTfeTwuznEGZYlU6Q=="
    }
  }
}
